<?xml version="1.0" encoding="utf-8"?>
<Project ToolsVersion="4.0" xmlns="http://schemas.microsoft.com/developer/msbuild/2003">
  <ItemGroup>
    <Filter Include="Source Files">
      <UniqueIdentifier>{4FC737F1-C7A5-4376-A066-2A32D752A2FF}</UniqueIdentifier>
      <Extensions>cpp;c;cc;cxx;def;odl;idl;hpj;bat;asm;asmx</Extensions>
    </Filter>
    <Filter Include="Header Files">
      <UniqueIdentifier>{93995380-89BD-4b04-88EB-625FBE52EBFB}</UniqueIdentifier>
      <Extensions>h;hpp;hxx;hm;inl;inc;xsd</Extensions>
    </Filter>
    <Filter Include="Resource Files">
      <UniqueIdentifier>{67DA6AB6-F800-4c08-8B7A-83BB121AAD01}</UniqueIdentifier>
      <Extensions>rc;ico;cur;bmp;dlg;rc2;rct;bin;rgs;gif;jpg;jpeg;jpe;resx;tiff;tif;png;wav;mfcribbon-ms</Extensions>
    </Filter>
    <Filter Include="Header Files\Input">
      <UniqueIdentifier>{243b6acc-f595-4b8c-8ae5-d43f3f65e504}</UniqueIdentifier>
    </Filter>
    <Filter Include="Source Files\Input">
      <UniqueIdentifier>{eda29771-80b7-4d46-b03c-c3ddf934d9be}</UniqueIdentifier>
    </Filter>
    <Filter Include="Header Files\TestingGrounds">
      <UniqueIdentifier>{60284f32-78e3-4aa1-af39-1ff743fe4599}</UniqueIdentifier>
    </Filter>
    <Filter Include="Source Files\TestingGrounds">
      <UniqueIdentifier>{85d4e651-399c-451a-9853-5d871f27b29c}</UniqueIdentifier>
    </Filter>
    <Filter Include="Header Files\WinAPI">
      <UniqueIdentifier>{f8a2e1f7-5bc0-4e72-a2c3-91d555b8459f}</UniqueIdentifier>
    </Filter>
    <Filter Include="Shaders">
      <UniqueIdentifier>{d55087f4-45ff-4067-9ea3-becb4634bf6e}</UniqueIdentifier>
    </Filter>
    <Filter Include="Header Files\Components">
      <UniqueIdentifier>{c80a5a82-c63d-4962-9315-c8c910fe3b93}</UniqueIdentifier>
    </Filter>
    <Filter Include="Header Files\Components\Positional">
      <UniqueIdentifier>{8fe92a67-b863-4768-92b4-22690ca413bd}</UniqueIdentifier>
    </Filter>
    <Filter Include="Source Files\Components">
      <UniqueIdentifier>{8c99b67d-ee49-4836-b415-785056f5c797}</UniqueIdentifier>
    </Filter>
    <Filter Include="Source Files\Components\Positional">
      <UniqueIdentifier>{1b6d9dcd-6668-4e10-82a7-5d36d39ae6b6}</UniqueIdentifier>
    </Filter>
    <Filter Include="Source Files\Graphics">
      <UniqueIdentifier>{853ea490-3e95-4fef-92b8-4ae030596091}</UniqueIdentifier>
    </Filter>
    <Filter Include="Header Files\Graphics">
      <UniqueIdentifier>{c2276b35-7e1f-4c00-a946-195f01bdeee3}</UniqueIdentifier>
    </Filter>
    <Filter Include="Header Files\Sound">
      <UniqueIdentifier>{81121471-3e2a-4ffb-8248-3581be67a104}</UniqueIdentifier>
    </Filter>
    <Filter Include="Source Files\Sound">
      <UniqueIdentifier>{aeecce92-e0c6-4485-88e1-8ecfcc23435e}</UniqueIdentifier>
    </Filter>
  </ItemGroup>
  <ItemGroup>
    <Text Include="ReadMe.txt" />
  </ItemGroup>
  <ItemGroup>
    <ClInclude Include="stdafx.h">
      <Filter>Header Files</Filter>
    </ClInclude>
    <ClInclude Include="3DGameEngine.h">
      <Filter>Header Files</Filter>
    </ClInclude>
    <ClInclude Include="targetver.h">
      <Filter>Header Files</Filter>
    </ClInclude>
    <ClInclude Include="Resource.h">
      <Filter>Header Files</Filter>
    </ClInclude>
    <ClInclude Include="InputHandler.hpp">
      <Filter>Header Files\Input</Filter>
    </ClInclude>
    <ClInclude Include="KeyboardInput.hpp">
      <Filter>Header Files\Input</Filter>
    </ClInclude>
    <ClInclude Include="Transform.hpp">
      <Filter>Header Files\Components\Positional</Filter>
    </ClInclude>
    <ClInclude Include="TestingGrounds.hpp">
      <Filter>Header Files\TestingGrounds</Filter>
    </ClInclude>
    <ClInclude Include="WinAPI.hpp">
      <Filter>Header Files\WinAPI</Filter>
    </ClInclude>
    <ClInclude Include="MouseInput.hpp">
      <Filter>Header Files\Input</Filter>
    </ClInclude>
    <ClInclude Include="ModelLoader.hpp">
      <Filter>Header Files\Graphics</Filter>
    </ClInclude>
    <ClInclude Include="GraphicsRenderer.hpp">
      <Filter>Header Files\Graphics</Filter>
    </ClInclude>
    <ClInclude Include="DrawingInstance.hpp">
      <Filter>Header Files\Graphics</Filter>
    </ClInclude>
    <ClInclude Include="Texture.hpp">
      <Filter>Header Files\Graphics</Filter>
    </ClInclude>
    <ClInclude Include="EngineGlobals.hpp">
      <Filter>Header Files\Input</Filter>
    </ClInclude>
    <ClInclude Include="Mesh.hpp">
      <Filter>Header Files\Graphics</Filter>
    </ClInclude>
    <ClInclude Include="Shader.hpp">
      <Filter>Header Files\Graphics</Filter>
    </ClInclude>
    <ClInclude Include="Actor.hpp">
      <Filter>Header Files</Filter>
    </ClInclude>
    <ClInclude Include="Camera.hpp">
      <Filter>Header Files</Filter>
    </ClInclude>
    <ClInclude Include="Scene.hpp">
      <Filter>Header Files</Filter>
    </ClInclude>
    <ClInclude Include="SoundManager.hpp">
      <Filter>Header Files\Sound</Filter>
    </ClInclude>
    <ClInclude Include="RacingCar.h">
      <Filter>Header Files</Filter>
    </ClInclude>
  </ItemGroup>
  <ItemGroup>
    <ClCompile Include="stdafx.cpp">
      <Filter>Source Files</Filter>
    </ClCompile>
    <ClCompile Include="3DGameEngine.cpp">
      <Filter>Source Files</Filter>
    </ClCompile>
    <ClCompile Include="Scene.cpp">
      <Filter>Source Files</Filter>
    </ClCompile>
    <ClCompile Include="InputHandler.cpp">
      <Filter>Source Files\Input</Filter>
    </ClCompile>
    <ClCompile Include="KeyboardInput.cpp">
      <Filter>Source Files\Input</Filter>
    </ClCompile>
    <ClCompile Include="Transform.cpp">
      <Filter>Source Files\Components\Positional</Filter>
    </ClCompile>
    <ClCompile Include="TestingGrounds.cpp">
      <Filter>Source Files\TestingGrounds</Filter>
    </ClCompile>
    <ClCompile Include="MouseInput.cpp">
      <Filter>Source Files\Input</Filter>
    </ClCompile>
    <ClCompile Include="Actor.cpp">
      <Filter>Source Files</Filter>
    </ClCompile>
    <ClCompile Include="ModelLoader.cpp">
      <Filter>Source Files\Graphics</Filter>
    </ClCompile>
    <ClCompile Include="Mesh.cpp">
      <Filter>Source Files\Graphics</Filter>
    </ClCompile>
    <ClCompile Include="DrawingInstance.cpp">
      <Filter>Source Files\Graphics</Filter>
    </ClCompile>
    <ClCompile Include="GraphicsRenderer.cpp">
      <Filter>Source Files\Graphics</Filter>
    </ClCompile>
    <ClCompile Include="Shader.cpp">
      <Filter>Source Files\Graphics</Filter>
    </ClCompile>
    <ClCompile Include="Texture.cpp">
      <Filter>Source Files\Graphics</Filter>
    </ClCompile>
    <ClCompile Include="Camera.cpp">
      <Filter>Source Files</Filter>
    </ClCompile>
    <ClCompile Include="SoundManager.cpp">
      <Filter>Source Files\Sound</Filter>
    </ClCompile>
    <ClCompile Include="RacingCar.cpp">
      <Filter>Source Files</Filter>
    </ClCompile>
  </ItemGroup>
  <ItemGroup>
    <ResourceCompile Include="3DGameEngine.rc">
      <Filter>Resource Files</Filter>
    </ResourceCompile>
  </ItemGroup>
  <ItemGroup>
    <Image Include="small.ico">
      <Filter>Resource Files</Filter>
    </Image>
    <Image Include="3DGameEngine.ico">
      <Filter>Resource Files</Filter>
    </Image>
  </ItemGroup>
  <ItemGroup>
    <None Include="Resources\Shaders\textureShader.vert">
      <Filter>Shaders</Filter>
    </None>
    <None Include="Resources\Shaders\textureShader.frag">
      <Filter>Shaders</Filter>
    </None>
    <None Include="Resources\Shaders\glitchedMadness.vert">
      <Filter>Shaders</Filter>
    </None>
    <None Include="Resources\Shaders\glitchedMadness.frag">
      <Filter>Shaders</Filter>
    </None>
    <None Include="Resources\Shaders\basic.vert">
      <Filter>Shaders</Filter>
    </None>
    <None Include="Resources\Shaders\basic.frag">
      <Filter>Shaders</Filter>
    </None>
  </ItemGroup>
</Project>