
Microsoft Visual Studio Solution File, Format Version 12.00
# Visual Studio 2012
Project("{8BC9CEB8-8B4A-11D0-8D11-00A0C91BC942}") = "3DGameEngine", "3DGameEngine.vcxproj", "{BC9EE6A3-DA69-4015-9C1B-22D8DBC910AE}"
EndProject
Global
	GlobalSection(SolutionConfigurationPlatforms) = preSolution
		Debug|Win32 = Debug|Win32
		Release|Win32 = Release|Win32
	EndGlobalSection
	GlobalSection(ProjectConfigurationPlatforms) = postSolution
		{BC9EE6A3-DA69-4015-9C1B-22D8DBC910AE}.Debug|Win32.ActiveCfg = Debug|Win32
		{BC9EE6A3-DA69-4015-9C1B-22D8DBC910AE}.Debug|Win32.Build.0 = Debug|Win32
		{BC9EE6A3-DA69-4015-9C1B-22D8DBC910AE}.Release|Win32.ActiveCfg = Release|Win32
		{BC9EE6A3-DA69-4015-9C1B-22D8DBC910AE}.Release|Win32.Build.0 = Release|Win32
	EndGlobalSection
	GlobalSection(SolutionProperties) = preSolution
		HideSolutionNode = FALSE
	EndGlobalSection
EndGlobal
